
Microsoft Visual Studio Solution File, Format Version 12.00
# Visual Studio Version 17
VisualStudioVersion = 17.7.34018.315
MinimumVisualStudioVersion = 10.0.40219.1
Project("{FAE04EC0-301F-11D3-BF4B-00C04F79EFBC}") = "Client", "Client\Client.csproj", "{496E873F-2497-4EEF-8A3B-4AC81DB8AD80}"
EndProject
Project("{FAE04EC0-301F-11D3-BF4B-00C04F79EFBC}") = "Server", "Server\Server.csproj", "{C2D1BEFA-7F23-41B4-BF69-2C5A80224D24}"
EndProject
Global
	GlobalSection(SolutionConfigurationPlatforms) = preSolution
		Debug|Any CPU = Debug|Any CPU
		Release|Any CPU = Release|Any CPU
	EndGlobalSection
	GlobalSection(ProjectConfigurationPlatforms) = postSolution
		{496E873F-2497-4EEF-8A3B-4AC81DB8AD80}.Debug|Any CPU.ActiveCfg = Debug|Any CPU
		{496E873F-2497-4EEF-8A3B-4AC81DB8AD80}.Debug|Any CPU.Build.0 = Debug|Any CPU
		{496E873F-2497-4EEF-8A3B-4AC81DB8AD80}.Release|Any CPU.ActiveCfg = Release|Any CPU
		{496E873F-2497-4EEF-8A3B-4AC81DB8AD80}.Release|Any CPU.Build.0 = Release|Any CPU
		{C2D1BEFA-7F23-41B4-BF69-2C5A80224D24}.Debug|Any CPU.ActiveCfg = Debug|Any CPU
		{C2D1BEFA-7F23-41B4-BF69-2C5A80224D24}.Debug|Any CPU.Build.0 = Debug|Any CPU
		{C2D1BEFA-7F23-41B4-BF69-2C5A80224D24}.Release|Any CPU.ActiveCfg = Release|Any CPU
		{C2D1BEFA-7F23-41B4-BF69-2C5A80224D24}.Release|Any CPU.Build.0 = Release|Any CPU
	EndGlobalSection
	GlobalSection(SolutionProperties) = preSolution
		HideSolutionNode = FALSE
	EndGlobalSection
	GlobalSection(ExtensibilityGlobals) = postSolution
		SolutionGuid = {84B0BB50-2DF5-44BF-B536-603D014364B9}
	EndGlobalSection
EndGlobal
